Microsoft Visual Studio Solution File, Format Version 11.00
# Visual Studio 2008

Project("{B500F0CD-18CD-1D5B-B6DA-C742725D5613}") = "FYP_UI", "Assembly-CSharp.csproj", "{8F8C6510-809F-F0B5-9079-B94149732125}"
EndProject
Global
	GlobalSection(SolutionConfigurationPlatforms) = preSolution
		Debug|Any CPU = Debug|Any CPU
		Release|Any CPU = Release|Any CPU
	EndGlobalSection
	GlobalSection(ProjectConfigurationPlatforms) = postSolution
		{8F8C6510-809F-F0B5-9079-B94149732125}.Debug|Any CPU.ActiveCfg = Debug|Any CPU
		{8F8C6510-809F-F0B5-9079-B94149732125}.Debug|Any CPU.Build.0 = Debug|Any CPU
		{8F8C6510-809F-F0B5-9079-B94149732125}.Release|Any CPU.ActiveCfg = Release|Any CPU
		{8F8C6510-809F-F0B5-9079-B94149732125}.Release|Any CPU.Build.0 = Release|Any CPU
	EndGlobalSection
	GlobalSection(SolutionProperties) = preSolution
		HideSolutionNode = FALSE
	EndGlobalSection
	GlobalSection(MonoDevelopProperties) = preSolution
		StartupItem = Assembly-CSharp.csproj
	EndGlobalSection
EndGlobal
